
Microsoft Visual Studio Solution File, Format Version 12.00
# Visual Studio Version 17
VisualStudioVersion = 17.6.33723.286
MinimumVisualStudioVersion = 10.0.40219.1
Project("{FAE04EC0-301F-11D3-BF4B-00C04F79EFBC}") = "laba10", "laba10\laba10.csproj", "{062DB03A-F2D9-4D62-909C-96DD6776FC05}"
EndProject
Global
	GlobalSection(SolutionConfigurationPlatforms) = preSolution
		Debug|Any CPU = Debug|Any CPU
		Release|Any CPU = Release|Any CPU
	EndGlobalSection
	GlobalSection(ProjectConfigurationPlatforms) = postSolution
		{062DB03A-F2D9-4D62-909C-96DD6776FC05}.Debug|Any CPU.ActiveCfg = Debug|Any CPU
		{062DB03A-F2D9-4D62-909C-96DD6776FC05}.Debug|Any CPU.Build.0 = Debug|Any CPU
		{062DB03A-F2D9-4D62-909C-96DD6776FC05}.Release|Any CPU.ActiveCfg = Release|Any CPU
		{062DB03A-F2D9-4D62-909C-96DD6776FC05}.Release|Any CPU.Build.0 = Release|Any CPU
	EndGlobalSection
	GlobalSection(SolutionProperties) = preSolution
		HideSolutionNode = FALSE
	EndGlobalSection
	GlobalSection(ExtensibilityGlobals) = postSolution
		SolutionGuid = {69E3745A-C020-4C0D-BB2B-EBF975359D8A}
	EndGlobalSection
EndGlobal
